
Microsoft Visual Studio Solution File, Format Version 12.00
# Visual Studio Version 17
VisualStudioVersion = 17.8.34601.278
MinimumVisualStudioVersion = 10.0.40219.1
Project("{FAE04EC0-301F-11D3-BF4B-00C04F79EFBC}") = "Solid", "Solid.csproj", "{094B9C11-F4A4-49A7-8257-7B5FB904084C}"
EndProject
Global
	GlobalSection(SolutionConfigurationPlatforms) = preSolution
		Debug|Any CPU = Debug|Any CPU
		Release|Any CPU = Release|Any CPU
	EndGlobalSection
	GlobalSection(ProjectConfigurationPlatforms) = postSolution
		{094B9C11-F4A4-49A7-8257-7B5FB904084C}.Debug|Any CPU.ActiveCfg = Debug|Any CPU
		{094B9C11-F4A4-49A7-8257-7B5FB904084C}.Debug|Any CPU.Build.0 = Debug|Any CPU
		{094B9C11-F4A4-49A7-8257-7B5FB904084C}.Release|Any CPU.ActiveCfg = Release|Any CPU
		{094B9C11-F4A4-49A7-8257-7B5FB904084C}.Release|Any CPU.Build.0 = Release|Any CPU
	EndGlobalSection
	GlobalSection(SolutionProperties) = preSolution
		HideSolutionNode = FALSE
	EndGlobalSection
	GlobalSection(ExtensibilityGlobals) = postSolution
		SolutionGuid = {C0576BDC-E106-4D31-B48E-F4C8556827FE}
	EndGlobalSection
EndGlobal
